
Microsoft Visual Studio Solution File, Format Version 12.00
# Visual Studio Version 16
VisualStudioVersion = 16.0.29123.88
MinimumVisualStudioVersion = 10.0.40219.1
Project("{9A19103F-16F7-4668-BE54-9A1E7A4F7556}") = "UserAuthentication.Api", "UserAuthentication.Api\UserAuthentication.Api.csproj", "{2B7023E4-224D-49A1-9BC9-8FDC4BE2B888}"
EndProject
Project("{9A19103F-16F7-4668-BE54-9A1E7A4F7556}") = "UserAuthentication.Application", "UserAuthentication.Application\UserAuthentication.Application.csproj", "{4F7985B3-7C8E-4F7D-9A56-9BCCCBC06994}"
EndProject
Project("{9A19103F-16F7-4668-BE54-9A1E7A4F7556}") = "UserAuthentication.Domain", "UserAuthentication.Domain\UserAuthentication.Domain.csproj", "{3015C73F-F40E-4B42-BB27-BCFFABF3E7CC}"
EndProject
Project("{9A19103F-16F7-4668-BE54-9A1E7A4F7556}") = "UserAuthentication.Infrastructure", "UserAuthentication.Infrastructure\UserAuthentication.Infrastructure.csproj", "{62E143B9-422C-460C-8FF9-BBABF6F3E6D1}"
EndProject
Project("{E53339B2-1760-4266-BCC7-CA923CBCF16C}") = "docker-compose", "docker-compose.dcproj", "{5E1AD8C9-871F-4216-9C50-8F8001E29013}"
EndProject
Global
	GlobalSection(SolutionConfigurationPlatforms) = preSolution
		Debug|Any CPU = Debug|Any CPU
		Release|Any CPU = Release|Any CPU
	EndGlobalSection
	GlobalSection(ProjectConfigurationPlatforms) = postSolution
		{2B7023E4-224D-49A1-9BC9-8FDC4BE2B888}.Debug|Any CPU.ActiveCfg = Debug|Any CPU
		{2B7023E4-224D-49A1-9BC9-8FDC4BE2B888}.Debug|Any CPU.Build.0 = Debug|Any CPU
		{2B7023E4-224D-49A1-9BC9-8FDC4BE2B888}.Release|Any CPU.ActiveCfg = Release|Any CPU
		{2B7023E4-224D-49A1-9BC9-8FDC4BE2B888}.Release|Any CPU.Build.0 = Release|Any CPU
		{4F7985B3-7C8E-4F7D-9A56-9BCCCBC06994}.Debug|Any CPU.ActiveCfg = Debug|Any CPU
		{4F7985B3-7C8E-4F7D-9A56-9BCCCBC06994}.Debug|Any CPU.Build.0 = Debug|Any CPU
		{4F7985B3-7C8E-4F7D-9A56-9BCCCBC06994}.Release|Any CPU.ActiveCfg = Release|Any CPU
		{4F7985B3-7C8E-4F7D-9A56-9BCCCBC06994}.Release|Any CPU.Build.0 = Release|Any CPU
		{3015C73F-F40E-4B42-BB27-BCFFABF3E7CC}.Debug|Any CPU.ActiveCfg = Debug|Any CPU
		{3015C73F-F40E-4B42-BB27-BCFFABF3E7CC}.Debug|Any CPU.Build.0 = Debug|Any CPU
		{3015C73F-F40E-4B42-BB27-BCFFABF3E7CC}.Release|Any CPU.ActiveCfg = Release|Any CPU
		{3015C73F-F40E-4B42-BB27-BCFFABF3E7CC}.Release|Any CPU.Build.0 = Release|Any CPU
		{62E143B9-422C-460C-8FF9-BBABF6F3E6D1}.Debug|Any CPU.ActiveCfg = Debug|Any CPU
		{62E143B9-422C-460C-8FF9-BBABF6F3E6D1}.Debug|Any CPU.Build.0 = Debug|Any CPU
		{62E143B9-422C-460C-8FF9-BBABF6F3E6D1}.Release|Any CPU.ActiveCfg = Release|Any CPU
		{62E143B9-422C-460C-8FF9-BBABF6F3E6D1}.Release|Any CPU.Build.0 = Release|Any CPU
		{5E1AD8C9-871F-4216-9C50-8F8001E29013}.Debug|Any CPU.ActiveCfg = Debug|Any CPU
		{5E1AD8C9-871F-4216-9C50-8F8001E29013}.Debug|Any CPU.Build.0 = Debug|Any CPU
		{5E1AD8C9-871F-4216-9C50-8F8001E29013}.Release|Any CPU.ActiveCfg = Release|Any CPU
		{5E1AD8C9-871F-4216-9C50-8F8001E29013}.Release|Any CPU.Build.0 = Release|Any CPU
	EndGlobalSection
	GlobalSection(SolutionProperties) = preSolution
		HideSolutionNode = FALSE
	EndGlobalSection
	GlobalSection(ExtensibilityGlobals) = postSolution
		SolutionGuid = {DD45486F-DDD8-4091-89A5-B83E0B941766}
	EndGlobalSection
EndGlobal
