
Microsoft Visual Studio Solution File, Format Version 12.00
# Visual Studio Version 16
VisualStudioVersion = 16.0.29123.88
MinimumVisualStudioVersion = 10.0.40219.1
Project("{9A19103F-16F7-4668-BE54-9A1E7A4F7556}") = "Customer.Register.Web", "Customer.Register.Web\Customer.Register.Web.csproj", "{3347684C-C8EE-49A0-BC7C-D0F1AF211AE5}"
EndProject
Project("{FAE04EC0-301F-11D3-BF4B-00C04F79EFBC}") = "Customer.Register.Application", "Customer.Register.Application\Customer.Register.Application.csproj", "{50FEF92F-18A0-41A5-954E-6E907BC2C7E1}"
EndProject
Project("{E53339B2-1760-4266-BCC7-CA923CBCF16C}") = "docker-compose", "docker-compose.dcproj", "{4A2C90D7-AB52-48AD-9183-7027575D3EE1}"
EndProject
Global
	GlobalSection(SolutionConfigurationPlatforms) = preSolution
		Debug|Any CPU = Debug|Any CPU
		Release|Any CPU = Release|Any CPU
	EndGlobalSection
	GlobalSection(ProjectConfigurationPlatforms) = postSolution
		{3347684C-C8EE-49A0-BC7C-D0F1AF211AE5}.Debug|Any CPU.ActiveCfg = Debug|Any CPU
		{3347684C-C8EE-49A0-BC7C-D0F1AF211AE5}.Debug|Any CPU.Build.0 = Debug|Any CPU
		{3347684C-C8EE-49A0-BC7C-D0F1AF211AE5}.Release|Any CPU.ActiveCfg = Release|Any CPU
		{3347684C-C8EE-49A0-BC7C-D0F1AF211AE5}.Release|Any CPU.Build.0 = Release|Any CPU
		{50FEF92F-18A0-41A5-954E-6E907BC2C7E1}.Debug|Any CPU.ActiveCfg = Debug|Any CPU
		{50FEF92F-18A0-41A5-954E-6E907BC2C7E1}.Debug|Any CPU.Build.0 = Debug|Any CPU
		{50FEF92F-18A0-41A5-954E-6E907BC2C7E1}.Release|Any CPU.ActiveCfg = Release|Any CPU
		{50FEF92F-18A0-41A5-954E-6E907BC2C7E1}.Release|Any CPU.Build.0 = Release|Any CPU
		{4A2C90D7-AB52-48AD-9183-7027575D3EE1}.Debug|Any CPU.ActiveCfg = Debug|Any CPU
		{4A2C90D7-AB52-48AD-9183-7027575D3EE1}.Debug|Any CPU.Build.0 = Debug|Any CPU
		{4A2C90D7-AB52-48AD-9183-7027575D3EE1}.Release|Any CPU.ActiveCfg = Release|Any CPU
		{4A2C90D7-AB52-48AD-9183-7027575D3EE1}.Release|Any CPU.Build.0 = Release|Any CPU
	EndGlobalSection
	GlobalSection(SolutionProperties) = preSolution
		HideSolutionNode = FALSE
	EndGlobalSection
	GlobalSection(ExtensibilityGlobals) = postSolution
		SolutionGuid = {B90E734E-488C-4284-BA2F-8B5D1C6C6458}
	EndGlobalSection
EndGlobal
