
Microsoft Visual Studio Solution File, Format Version 12.00
# Visual Studio Version 16
VisualStudioVersion = 16.0.29123.88
MinimumVisualStudioVersion = 10.0.40219.1
Project("{2150E333-8FDC-42A3-9474-1A3956D46DE8}") = "4-Infrastructure", "4-Infrastructure", "{EE537670-0090-4E16-BD0E-A6B27E7F090B}"
EndProject
Project("{FAE04EC0-301F-11D3-BF4B-00C04F79EFBC}") = "Vehicle.Register.Infrastructure", "Vehicle.Register.Infrastructure\Vehicle.Register.Infrastructure.csproj", "{54BB4365-9444-42E9-B77F-477AA3D1D9C7}"
EndProject
Project("{2150E333-8FDC-42A3-9474-1A3956D46DE8}") = "3-Domain", "3-Domain", "{94629F0F-BDC5-47EE-BD54-0B6CCDC77FF7}"
EndProject
Project("{FAE04EC0-301F-11D3-BF4B-00C04F79EFBC}") = "Vehicle.Register.Domain", "Vehicle.Register.Domain\Vehicle.Register.Domain.csproj", "{64B93997-EF03-4D57-BABA-4DCBB6CF3C1E}"
EndProject
Project("{FAE04EC0-301F-11D3-BF4B-00C04F79EFBC}") = "Vehicle.Register.Domain.UnitTest", "Vehicle.Register.Domain.UnitTest\Vehicle.Register.Domain.UnitTest.csproj", "{FB280A56-4D53-48F0-A896-B208E191F6C3}"
EndProject
Global
	GlobalSection(SolutionConfigurationPlatforms) = preSolution
		Debug|Any CPU = Debug|Any CPU
		Release|Any CPU = Release|Any CPU
	EndGlobalSection
	GlobalSection(ProjectConfigurationPlatforms) = postSolution
		{54BB4365-9444-42E9-B77F-477AA3D1D9C7}.Debug|Any CPU.ActiveCfg = Debug|Any CPU
		{54BB4365-9444-42E9-B77F-477AA3D1D9C7}.Debug|Any CPU.Build.0 = Debug|Any CPU
		{54BB4365-9444-42E9-B77F-477AA3D1D9C7}.Release|Any CPU.ActiveCfg = Release|Any CPU
		{54BB4365-9444-42E9-B77F-477AA3D1D9C7}.Release|Any CPU.Build.0 = Release|Any CPU
		{64B93997-EF03-4D57-BABA-4DCBB6CF3C1E}.Debug|Any CPU.ActiveCfg = Debug|Any CPU
		{64B93997-EF03-4D57-BABA-4DCBB6CF3C1E}.Debug|Any CPU.Build.0 = Debug|Any CPU
		{64B93997-EF03-4D57-BABA-4DCBB6CF3C1E}.Release|Any CPU.ActiveCfg = Release|Any CPU
		{64B93997-EF03-4D57-BABA-4DCBB6CF3C1E}.Release|Any CPU.Build.0 = Release|Any CPU
		{FB280A56-4D53-48F0-A896-B208E191F6C3}.Debug|Any CPU.ActiveCfg = Debug|Any CPU
		{FB280A56-4D53-48F0-A896-B208E191F6C3}.Debug|Any CPU.Build.0 = Debug|Any CPU
		{FB280A56-4D53-48F0-A896-B208E191F6C3}.Release|Any CPU.ActiveCfg = Release|Any CPU
		{FB280A56-4D53-48F0-A896-B208E191F6C3}.Release|Any CPU.Build.0 = Release|Any CPU
	EndGlobalSection
	GlobalSection(SolutionProperties) = preSolution
		HideSolutionNode = FALSE
	EndGlobalSection
	GlobalSection(NestedProjects) = preSolution
		{54BB4365-9444-42E9-B77F-477AA3D1D9C7} = {EE537670-0090-4E16-BD0E-A6B27E7F090B}
		{64B93997-EF03-4D57-BABA-4DCBB6CF3C1E} = {94629F0F-BDC5-47EE-BD54-0B6CCDC77FF7}
		{FB280A56-4D53-48F0-A896-B208E191F6C3} = {94629F0F-BDC5-47EE-BD54-0B6CCDC77FF7}
	EndGlobalSection
	GlobalSection(ExtensibilityGlobals) = postSolution
		SolutionGuid = {0BE62D8B-58F7-461F-B456-2904BE9623AD}
	EndGlobalSection
EndGlobal
